// !$*UTF8*$!
{
	archiveVersion = 1;
	classes = {
	};
	objectVersion = 46;
	objects = {

/* Begin PBXBuildFile section */
		55D296191ED9F64B0099764A /* AppDelegate.swift in Sources */ = {isa = PBXBuildFile; fileRef = 55D296181ED9F64B0099764A /* AppDelegate.swift */; };
		55D2961B1ED9F64B0099764A /* ViewController.swift in Sources */ = {isa = PBXBuildFile; fileRef = 55D2961A1ED9F64B0099764A /* ViewController.swift */; };
		55D2961E1ED9F64B0099764A /* Main.storyboard in Resources */ = {isa = PBXBuildFile; fileRef = 55D2961C1ED9F64B0099764A /* Main.storyboard */; };
		55D296201ED9F64B0099764A /* Assets.xcassets in Resources */ = {isa = PBXBuildFile; fileRef = 55D2961F1ED9F64B0099764A /* Assets.xcassets */; };
		55D296231ED9F64B0099764A /* LaunchScreen.storyboard in Resources */ = {isa = PBXBuildFile; fileRef = 55D296211ED9F64B0099764A /* LaunchScreen.storyboard */; };
		55D2962B1ED9FBEC0099764A /* pokemon.csv in Resources */ = {isa = PBXBuildFile; fileRef = 55D2962A1ED9FBEC0099764A /* pokemon.csv */; };
		55D2962E1ED9FCF70099764A /* Pokemon.swift in Sources */ = {isa = PBXBuildFile; fileRef = 55D2962D1ED9FCF70099764A /* Pokemon.swift */; };
		55D296311EDA05AE0099764A /* PokeCell.swift in Sources */ = {isa = PBXBuildFile; fileRef = 55D296301EDA05AE0099764A /* PokeCell.swift */; };
		55D296331EDBC0710099764A /* csv.swift in Sources */ = {isa = PBXBuildFile; fileRef = 55D296321EDBC0710099764A /* csv.swift */; };
		55D296361EDBC7BC0099764A /* PokemonHollow.ttf in Resources */ = {isa = PBXBuildFile; fileRef = 55D296341EDBC7BC0099764A /* PokemonHollow.ttf */; };
		55D296371EDBC7BC0099764A /* PokemonSolid.ttf in Resources */ = {isa = PBXBuildFile; fileRef = 55D296351EDBC7BC0099764A /* PokemonSolid.ttf */; };
		55D2963C1EDBCB5D0099764A /* music.mp3 in Resources */ = {isa = PBXBuildFile; fileRef = 55D2963B1EDBCB5D0099764A /* music.mp3 */; };
/* End PBXBuildFile section */

/* Begin PBXFileReference section */
		55D296151ED9F64B0099764A /* pokedex3.app */ = {isa = PBXFileReference; explicitFileType = wrapper.application; includeInIndex = 0; path = pokedex3.app; sourceTree = BUILT_PRODUCTS_DIR; };
		55D296181ED9F64B0099764A /* AppDelegate.swift */ = {isa = PBXFileReference; lastKnownFileType = sourcecode.swift; path = AppDelegate.swift; sourceTree = "<group>"; };
		55D2961A1ED9F64B0099764A /* ViewController.swift */ = {isa = PBXFileReference; lastKnownFileType = sourcecode.swift; path = ViewController.swift; sourceTree = "<group>"; };
		55D2961D1ED9F64B0099764A /* Base */ = {isa = PBXFileReference; lastKnownFileType = file.storyboard; name = Base; path = Base.lproj/Main.storyboard; sourceTree = "<group>"; };
		55D2961F1ED9F64B0099764A /* Assets.xcassets */ = {isa = PBXFileReference; lastKnownFileType = folder.assetcatalog; path = Assets.xcassets; sourceTree = "<group>"; };
		55D296221ED9F64B0099764A /* Base */ = {isa = PBXFileReference; lastKnownFileType = file.storyboard; name = Base; path = Base.lproj/LaunchScreen.storyboard; sourceTree = "<group>"; };
		55D296241ED9F64B0099764A /* Info.plist */ = {isa = PBXFileReference; lastKnownFileType = text.plist.xml; path = Info.plist; sourceTree = "<group>"; };
		55D2962A1ED9FBEC0099764A /* pokemon.csv */ = {isa = PBXFileReference; fileEncoding = 4; lastKnownFileType = text; path = pokemon.csv; sourceTree = "<group>"; };
		55D2962D1ED9FCF70099764A /* Pokemon.swift */ = {isa = PBXFileReference; fileEncoding = 4; lastKnownFileType = sourcecode.swift; path = Pokemon.swift; sourceTree = "<group>"; };
		55D296301EDA05AE0099764A /* PokeCell.swift */ = {isa = PBXFileReference; fileEncoding = 4; lastKnownFileType = sourcecode.swift; path = PokeCell.swift; sourceTree = "<group>"; };
		55D296321EDBC0710099764A /* csv.swift */ = {isa = PBXFileReference; fileEncoding = 4; lastKnownFileType = sourcecode.swift; path = csv.swift; sourceTree = "<group>"; };
		55D296341EDBC7BC0099764A /* PokemonHollow.ttf */ = {isa = PBXFileReference; lastKnownFileType = file; path = PokemonHollow.ttf; sourceTree = "<group>"; };
		55D296351EDBC7BC0099764A /* PokemonSolid.ttf */ = {isa = PBXFileReference; lastKnownFileType = file; path = PokemonSolid.ttf; sourceTree = "<group>"; };
		55D2963B1EDBCB5D0099764A /* music.mp3 */ = {isa = PBXFileReference; lastKnownFileType = audio.mp3; path = music.mp3; sourceTree = "<group>"; };
/* End PBXFileReference section */

/* Begin PBXFrameworksBuildPhase section */
		55D296121ED9F64B0099764A /* Frameworks */ = {
			isa = PBXFrameworksBuildPhase;
			buildActionMask = 2147483647;
			files = (
			);
			runOnlyForDeploymentPostprocessing = 0;
		};
/* End PBXFrameworksBuildPhase section */

/* Begin PBXGroup section */
		55D2960C1ED9F64B0099764A = {
			isa = PBXGroup;
			children = (
				55D296171ED9F64B0099764A /* pokedex3 */,
				55D296161ED9F64B0099764A /* Products */,
			);
			sourceTree = "<group>";
		};
		55D296161ED9F64B0099764A /* Products */ = {
			isa = PBXGroup;
			children = (
				55D296151ED9F64B0099764A /* pokedex3.app */,
			);
			name = Products;
			sourceTree = "<group>";
		};
		55D296171ED9F64B0099764A /* pokedex3 */ = {
			isa = PBXGroup;
			children = (
				55D2962C1ED9FCEA0099764A /* Model */,
				55D2962F1EDA05600099764A /* View */,
				55D296381EDBC7C30099764A /* Controller */,
				55D296391EDBC7CA0099764A /* Resources */,
				55D2963A1EDBC7D20099764A /* Util */,
				55D296181ED9F64B0099764A /* AppDelegate.swift */,
				55D2961C1ED9F64B0099764A /* Main.storyboard */,
				55D2961F1ED9F64B0099764A /* Assets.xcassets */,
				55D296211ED9F64B0099764A /* LaunchScreen.storyboard */,
				55D296241ED9F64B0099764A /* Info.plist */,
			);
			path = pokedex3;
			sourceTree = "<group>";
		};
		55D2962C1ED9FCEA0099764A /* Model */ = {
			isa = PBXGroup;
			children = (
				55D2962D1ED9FCF70099764A /* Pokemon.swift */,
			);
			name = Model;
			sourceTree = "<group>";
		};
		55D2962F1EDA05600099764A /* View */ = {
			isa = PBXGroup;
			children = (
				55D296301EDA05AE0099764A /* PokeCell.swift */,
			);
			name = View;
			sourceTree = "<group>";
		};
		55D296381EDBC7C30099764A /* Controller */ = {
			isa = PBXGroup;
			children = (
				55D2961A1ED9F64B0099764A /* ViewController.swift */,
			);
			name = Controller;
			sourceTree = "<group>";
		};
		55D296391EDBC7CA0099764A /* Resources */ = {
			isa = PBXGroup;
			children = (
				55D2963B1EDBCB5D0099764A /* music.mp3 */,
				55D2962A1ED9FBEC0099764A /* pokemon.csv */,
				55D296341EDBC7BC0099764A /* PokemonHollow.ttf */,
				55D296351EDBC7BC0099764A /* PokemonSolid.ttf */,
			);
			name = Resources;
			sourceTree = "<group>";
		};
		55D2963A1EDBC7D20099764A /* Util */ = {
			isa = PBXGroup;
			children = (
				55D296321EDBC0710099764A /* csv.swift */,
			);
			name = Util;
			sourceTree = "<group>";
		};
/* End PBXGroup section */

/* Begin PBXNativeTarget section */
		55D296141ED9F64B0099764A /* pokedex3 */ = {
			isa = PBXNativeTarget;
			buildConfigurationList = 55D296271ED9F64B0099764A /* Build configuration list for PBXNativeTarget "pokedex3" */;
			buildPhases = (
				55D296111ED9F64B0099764A /* Sources */,
				55D296121ED9F64B0099764A /* Frameworks */,
				55D296131ED9F64B0099764A /* Resources */,
			);
			buildRules = (
			);
			dependencies = (
			);
			name = pokedex3;
			productName = pokedex3;
			productReference = 55D296151ED9F64B0099764A /* pokedex3.app */;
			productType = "com.apple.product-type.application";
		};
/* End PBXNativeTarget section */

/* Begin PBXProject section */
		55D2960D1ED9F64B0099764A /* Project object */ = {
			isa = PBXProject;
			attributes = {
				LastSwiftUpdateCheck = 0830;
				LastUpgradeCheck = 0830;
				ORGANIZATIONNAME = "CBE User";
				TargetAttributes = {
					55D296141ED9F64B0099764A = {
						CreatedOnToolsVersion = 8.3.2;
						DevelopmentTeam = TT9W6D3N85;
						LastSwiftMigration = 0830;
						ProvisioningStyle = Automatic;
					};
				};
			};
			buildConfigurationList = 55D296101ED9F64B0099764A /* Build configuration list for PBXProject "pokedex3" */;
			compatibilityVersion = "Xcode 3.2";
			developmentRegion = English;
			hasScannedForEncodings = 0;
			knownRegions = (
				en,
				Base,
			);
			mainGroup = 55D2960C1ED9F64B0099764A;
			productRefGroup = 55D296161ED9F64B0099764A /* Products */;
			projectDirPath = "";
			projectRoot = "";
			targets = (
				55D296141ED9F64B0099764A /* pokedex3 */,
			);
		};
/* End PBXProject section */

/* Begin PBXResourcesBuildPhase section */
		55D296131ED9F64B0099764A /* Resources */ = {
			isa = PBXResourcesBuildPhase;
			buildActionMask = 2147483647;
			files = (
				55D296231ED9F64B0099764A /* LaunchScreen.storyboard in Resources */,
				55D296201ED9F64B0099764A /* Assets.xcassets in Resources */,
				55D296361EDBC7BC0099764A /* PokemonHollow.ttf in Resources */,
				55D296371EDBC7BC0099764A /* PokemonSolid.ttf in Resources */,
				55D2962B1ED9FBEC0099764A /* pokemon.csv in Resources */,
				55D2963C1EDBCB5D0099764A /* music.mp3 in Resources */,
				55D2961E1ED9F64B0099764A /* Main.storyboard in Resources */,
			);
			runOnlyForDeploymentPostprocessing = 0;
		};
/* End PBXResourcesBuildPhase section */

/* Begin PBXSourcesBuildPhase section */
		55D296111ED9F64B0099764A /* Sources */ = {
			isa = PBXSourcesBuildPhase;
			buildActionMask = 2147483647;
			files = (
				55D296311EDA05AE0099764A /* PokeCell.swift in Sources */,
				55D2962E1ED9FCF70099764A /* Pokemon.swift in Sources */,
				55D2961B1ED9F64B0099764A /* ViewController.swift in Sources */,
				55D296191ED9F64B0099764A /* AppDelegate.swift in Sources */,
				55D296331EDBC0710099764A /* csv.swift in Sources */,
			);
			runOnlyForDeploymentPostprocessing = 0;
		};
/* End PBXSourcesBuildPhase section */

/* Begin PBXVariantGroup section */
		55D2961C1ED9F64B0099764A /* Main.storyboard */ = {
			isa = PBXVariantGroup;
			children = (
				55D2961D1ED9F64B0099764A /* Base */,
			);
			name = Main.storyboard;
			sourceTree = "<group>";
		};
		55D296211ED9F64B0099764A /* LaunchScreen.storyboard */ = {
			isa = PBXVariantGroup;
			children = (
				55D296221ED9F64B0099764A /* Base */,
			);
			name = LaunchScreen.storyboard;
			sourceTree = "<group>";
		};
/* End PBXVariantGroup section */

/* Begin XCBuildConfiguration section */
		55D296251ED9F64B0099764A /* Debug */ = {
			isa = XCBuildConfiguration;
			buildSettings = {
				ALWAYS_SEARCH_USER_PATHS = NO;
				CLANG_ANALYZER_NONNULL = YES;
				CLANG_ANALYZER_NUMBER_OBJECT_CONVERSION = YES_AGGRESSIVE;
				CLANG_CXX_LANGUAGE_STANDARD = "gnu++0x";
				CLANG_CXX_LIBRARY = "libc++";
				CLANG_ENABLE_MODULES = YES;
				CLANG_ENABLE_OBJC_ARC = YES;
				CLANG_WARN_BOOL_CONVERSION = YES;
				CLANG_WARN_CONSTANT_CONVERSION = YES;
				CLANG_WARN_DIRECT_OBJC_ISA_USAGE = YES_ERROR;
				CLANG_WARN_DOCUMENTATION_COMMENTS = YES;
				CLANG_WARN_EMPTY_BODY = YES;
				CLANG_WARN_ENUM_CONVERSION = YES;
				CLANG_WARN_INFINITE_RECURSION = YES;
				CLANG_WARN_INT_CONVERSION = YES;
				CLANG_WARN_OBJC_ROOT_CLASS = YES_ERROR;
				CLANG_WARN_SUSPICIOUS_MOVE = YES;
				CLANG_WARN_UNREACHABLE_CODE = YES;
				CLANG_WARN__DUPLICATE_METHOD_MATCH = YES;
				"CODE_SIGN_IDENTITY[sdk=iphoneos*]" = "iPhone Developer";
				COPY_PHASE_STRIP = NO;
				DEBUG_INFORMATION_FORMAT = dwarf;
				ENABLE_STRICT_OBJC_MSGSEND = YES;
				ENABLE_TESTABILITY = YES;
				GCC_C_LANGUAGE_STANDARD = gnu99;
				GCC_DYNAMIC_NO_PIC = NO;
				GCC_NO_COMMON_BLOCKS = YES;
				GCC_OPTIMIZATION_LEVEL = 0;
				GCC_PREPROCESSOR_DEFINITIONS = (
					"DEBUG=1",
					"$(inherited)",
				);
				GCC_WARN_64_TO_32_BIT_CONVERSION = YES;
				GCC_WARN_ABOUT_RETURN_TYPE = YES_ERROR;
				GCC_WARN_UNDECLARED_SELECTOR = YES;
				GCC_WARN_UNINITIALIZED_AUTOS = YES_AGGRESSIVE;
				GCC_WARN_UNUSED_FUNCTION = YES;
				GCC_WARN_UNUSED_VARIABLE = YES;
				IPHONEOS_DEPLOYMENT_TARGET = 10.3;
				MTL_ENABLE_DEBUG_INFO = YES;
				ONLY_ACTIVE_ARCH = YES;
				SDKROOT = iphoneos;
				SWIFT_ACTIVE_COMPILATION_CONDITIONS = DEBUG;
				SWIFT_OPTIMIZATION_LEVEL = "-Onone";
				TARGETED_DEVICE_FAMILY = "1,2";
			};
			name = Debug;
		};
		55D296261ED9F64B0099764A /* Release */ = {
			isa = XCBuildConfiguration;
			buildSettings = {
				ALWAYS_SEARCH_USER_PATHS = NO;
				CLANG_ANALYZER_NONNULL = YES;
				CLANG_ANALYZER_NUMBER_OBJECT_CONVERSION = YES_AGGRESSIVE;
				CLANG_CXX_LANGUAGE_STANDARD = "gnu++0x";
				CLANG_CXX_LIBRARY = "libc++";
				CLANG_ENABLE_MODULES = YES;
				CLANG_ENABLE_OBJC_ARC = YES;
				CLANG_WARN_BOOL_CONVERSION = YES;
				CLANG_WARN_CONSTANT_CONVERSION = YES;
				CLANG_WARN_DIRECT_OBJC_ISA_USAGE = YES_ERROR;
				CLANG_WARN_DOCUMENTATION_COMMENTS = YES;
				CLANG_WARN_EMPTY_BODY = YES;
				CLANG_WARN_ENUM_CONVERSION = YES;
				CLANG_WARN_INFINITE_RECURSION = YES;
				CLANG_WARN_INT_CONVERSION = YES;
				CLANG_WARN_OBJC_ROOT_CLASS = YES_ERROR;
				CLANG_WARN_SUSPICIOUS_MOVE = YES;
				CLANG_WARN_UNREACHABLE_CODE = YES;
				CLANG_WARN__DUPLICATE_METHOD_MATCH = YES;
				"CODE_SIGN_IDENTITY[sdk=iphoneos*]" = "iPhone Developer";
				COPY_PHASE_STRIP = NO;
				DEBUG_INFORMATION_FORMAT = "dwarf-with-dsym";
				ENABLE_NS_ASSERTIONS = NO;
				ENABLE_STRICT_OBJC_MSGSEND = YES;
				GCC_C_LANGUAGE_STANDARD = gnu99;
				GCC_NO_COMMON_BLOCKS = YES;
				GCC_WARN_64_TO_32_BIT_CONVERSION = YES;
				GCC_WARN_ABOUT_RETURN_TYPE = YES_ERROR;
				GCC_WARN_UNDECLARED_SELECTOR = YES;
				GCC_WARN_UNINITIALIZED_AUTOS = YES_AGGRESSIVE;
				GCC_WARN_UNUSED_FUNCTION = YES;
				GCC_WARN_UNUSED_VARIABLE = YES;
				IPHONEOS_DEPLOYMENT_TARGET = 10.3;
				MTL_ENABLE_DEBUG_INFO = NO;
				SDKROOT = iphoneos;
				SWIFT_OPTIMIZATION_LEVEL = "-Owholemodule";
				TARGETED_DEVICE_FAMILY = "1,2";
				VALIDATE_PRODUCT = YES;
			};
			name = Release;
		};
		55D296281ED9F64B0099764A /* Debug */ = {
			isa = XCBuildConfiguration;
			buildSettings = {
				ASSETCATALOG_COMPILER_APPICON_NAME = AppIcon;
				DEVELOPMENT_TEAM = TT9W6D3N85;
				INFOPLIST_FILE = pokedex3/Info.plist;
				LD_RUNPATH_SEARCH_PATHS = "$(inherited) @executable_path/Frameworks";
				PRODUCT_BUNDLE_IDENTIFIER = WhatDoesThisDo.pokedex3;
				PRODUCT_NAME = "$(TARGET_NAME)";
				SWIFT_VERSION = 3.0;
			};
			name = Debug;
		};
		55D296291ED9F64B0099764A /* Release */ = {
			isa = XCBuildConfiguration;
			buildSettings = {
				ASSETCATALOG_COMPILER_APPICON_NAME = AppIcon;
				DEVELOPMENT_TEAM = TT9W6D3N85;
				INFOPLIST_FILE = pokedex3/Info.plist;
				LD_RUNPATH_SEARCH_PATHS = "$(inherited) @executable_path/Frameworks";
				PRODUCT_BUNDLE_IDENTIFIER = WhatDoesThisDo.pokedex3;
				PRODUCT_NAME = "$(TARGET_NAME)";
				SWIFT_VERSION = 3.0;
			};
			name = Release;
		};
/* End XCBuildConfiguration section */

/* Begin XCConfigurationList section */
		55D296101ED9F64B0099764A /* Build configuration list for PBXProject "pokedex3" */ = {
			isa = XCConfigurationList;
			buildConfigurations = (
				55D296251ED9F64B0099764A /* Debug */,
				55D296261ED9F64B0099764A /* Release */,
			);
			defaultConfigurationIsVisible = 0;
			defaultConfigurationName = Release;
		};
		55D296271ED9F64B0099764A /* Build configuration list for PBXNativeTarget "pokedex3" */ = {
			isa = XCConfigurationList;
			buildConfigurations = (
				55D296281ED9F64B0099764A /* Debug */,
				55D296291ED9F64B0099764A /* Release */,
			);
			defaultConfigurationIsVisible = 0;
			defaultConfigurationName = Release;
		};
/* End XCConfigurationList section */
	};
	rootObject = 55D2960D1ED9F64B0099764A /* Project object */;
}
